
Microsoft Visual Studio Solution File, Format Version 12.00
# Visual Studio Version 16
VisualStudioVersion = 16.0.29519.87
MinimumVisualStudioVersion = 10.0.40219.1
Project("{9A19103F-16F7-4668-BE54-9A1E7A4F7556}") = "Ex.Api", "src\Ex.Api\Ex.Api.csproj", "{1CDF4E99-934D-4600-9444-151D6186A98E}"
EndProject
Project("{FAE04EC0-301F-11D3-BF4B-00C04F79EFBC}") = "Ex.Business.Tests", "tests\Business.Tests\Ex.Business.Tests\Ex.Business.Tests.csproj", "{14D34CBA-46CD-4333-9096-84CCC48501AF}"
EndProject
Project("{FAE04EC0-301F-11D3-BF4B-00C04F79EFBC}") = "Ex.Business", "src\Ex.Business\Ex.Business.csproj", "{F802043B-DA09-4F58-90E3-5867867AFE89}"
EndProject
Project("{FAE04EC0-301F-11D3-BF4B-00C04F79EFBC}") = "Ex.DataContext", "src\Ex.DataContext\Ex.DataContext.csproj", "{2053E11F-7C84-47C8-B5A4-684E2A8F7CB6}"
EndProject
Project("{FAE04EC0-301F-11D3-BF4B-00C04F79EFBC}") = "Ex.DataModel", "src\Ex.DataModel\Ex.DataModel.csproj", "{1C519EAA-2255-4D6D-87D4-D88E837DED85}"
EndProject
Global
	GlobalSection(SolutionConfigurationPlatforms) = preSolution
		Debug|Any CPU = Debug|Any CPU
		Release|Any CPU = Release|Any CPU
	EndGlobalSection
	GlobalSection(ProjectConfigurationPlatforms) = postSolution
		{1CDF4E99-934D-4600-9444-151D6186A98E}.Debug|Any CPU.ActiveCfg = Debug|Any CPU
		{1CDF4E99-934D-4600-9444-151D6186A98E}.Debug|Any CPU.Build.0 = Debug|Any CPU
		{1CDF4E99-934D-4600-9444-151D6186A98E}.Release|Any CPU.ActiveCfg = Release|Any CPU
		{1CDF4E99-934D-4600-9444-151D6186A98E}.Release|Any CPU.Build.0 = Release|Any CPU
		{14D34CBA-46CD-4333-9096-84CCC48501AF}.Debug|Any CPU.ActiveCfg = Debug|Any CPU
		{14D34CBA-46CD-4333-9096-84CCC48501AF}.Debug|Any CPU.Build.0 = Debug|Any CPU
		{14D34CBA-46CD-4333-9096-84CCC48501AF}.Release|Any CPU.ActiveCfg = Release|Any CPU
		{14D34CBA-46CD-4333-9096-84CCC48501AF}.Release|Any CPU.Build.0 = Release|Any CPU
		{F802043B-DA09-4F58-90E3-5867867AFE89}.Debug|Any CPU.ActiveCfg = Debug|Any CPU
		{F802043B-DA09-4F58-90E3-5867867AFE89}.Debug|Any CPU.Build.0 = Debug|Any CPU
		{F802043B-DA09-4F58-90E3-5867867AFE89}.Release|Any CPU.ActiveCfg = Release|Any CPU
		{F802043B-DA09-4F58-90E3-5867867AFE89}.Release|Any CPU.Build.0 = Release|Any CPU
		{2053E11F-7C84-47C8-B5A4-684E2A8F7CB6}.Debug|Any CPU.ActiveCfg = Debug|Any CPU
		{2053E11F-7C84-47C8-B5A4-684E2A8F7CB6}.Debug|Any CPU.Build.0 = Debug|Any CPU
		{2053E11F-7C84-47C8-B5A4-684E2A8F7CB6}.Release|Any CPU.ActiveCfg = Release|Any CPU
		{2053E11F-7C84-47C8-B5A4-684E2A8F7CB6}.Release|Any CPU.Build.0 = Release|Any CPU
		{1C519EAA-2255-4D6D-87D4-D88E837DED85}.Debug|Any CPU.ActiveCfg = Debug|Any CPU
		{1C519EAA-2255-4D6D-87D4-D88E837DED85}.Debug|Any CPU.Build.0 = Debug|Any CPU
		{1C519EAA-2255-4D6D-87D4-D88E837DED85}.Release|Any CPU.ActiveCfg = Release|Any CPU
		{1C519EAA-2255-4D6D-87D4-D88E837DED85}.Release|Any CPU.Build.0 = Release|Any CPU
	EndGlobalSection
	GlobalSection(SolutionProperties) = preSolution
		HideSolutionNode = FALSE
	EndGlobalSection
	GlobalSection(ExtensibilityGlobals) = postSolution
		SolutionGuid = {A03FEC71-EE12-4D93-858B-1FD140381594}
	EndGlobalSection
EndGlobal
